
Microsoft Visual Studio Solution File, Format Version 12.00
# Visual Studio Version 17
VisualStudioVersion = 17.13.35818.85 d17.13
MinimumVisualStudioVersion = 10.0.40219.1
Project("{FAE04EC0-301F-11D3-BF4B-00C04F79EFBC}") = "ProfilesManagement.API", "src\External\ProfilesManagement.API\ProfilesManagement.API.csproj", "{58621CC4-C7BB-47E9-94CE-E7F36A811A68}"
EndProject
Project("{FAE04EC0-301F-11D3-BF4B-00C04F79EFBC}") = "ProfilesManagement.Application", "src\Application\ProfilesManagement.Application\ProfilesManagement.Application.csproj", "{64099ED9-FFB8-4BBA-8B32-9FAC0A41EF52}"
EndProject
Project("{FAE04EC0-301F-11D3-BF4B-00C04F79EFBC}") = "ProfilesManagement.Domain", "src\Application\ProfilesManagement.Domain\ProfilesManagement.Domain.csproj", "{99D24155-7810-4A09-A12B-CBC49EE009D6}"
EndProject
Project("{FAE04EC0-301F-11D3-BF4B-00C04F79EFBC}") = "ProfilesManagement.Infrastructure", "src\External\ProfilesManagement.Infrastructure\ProfilesManagement.Infrastructure.csproj", "{720CE997-9F8C-489F-9890-7948DA2F5016}"
EndProject
Global
	GlobalSection(SolutionConfigurationPlatforms) = preSolution
		Debug|Any CPU = Debug|Any CPU
		Release|Any CPU = Release|Any CPU
	EndGlobalSection
	GlobalSection(ProjectConfigurationPlatforms) = postSolution
		{58621CC4-C7BB-47E9-94CE-E7F36A811A68}.Debug|Any CPU.ActiveCfg = Debug|Any CPU
		{58621CC4-C7BB-47E9-94CE-E7F36A811A68}.Debug|Any CPU.Build.0 = Debug|Any CPU
		{58621CC4-C7BB-47E9-94CE-E7F36A811A68}.Release|Any CPU.ActiveCfg = Release|Any CPU
		{58621CC4-C7BB-47E9-94CE-E7F36A811A68}.Release|Any CPU.Build.0 = Release|Any CPU
		{64099ED9-FFB8-4BBA-8B32-9FAC0A41EF52}.Debug|Any CPU.ActiveCfg = Debug|Any CPU
		{64099ED9-FFB8-4BBA-8B32-9FAC0A41EF52}.Debug|Any CPU.Build.0 = Debug|Any CPU
		{64099ED9-FFB8-4BBA-8B32-9FAC0A41EF52}.Release|Any CPU.ActiveCfg = Release|Any CPU
		{64099ED9-FFB8-4BBA-8B32-9FAC0A41EF52}.Release|Any CPU.Build.0 = Release|Any CPU
		{99D24155-7810-4A09-A12B-CBC49EE009D6}.Debug|Any CPU.ActiveCfg = Debug|Any CPU
		{99D24155-7810-4A09-A12B-CBC49EE009D6}.Debug|Any CPU.Build.0 = Debug|Any CPU
		{99D24155-7810-4A09-A12B-CBC49EE009D6}.Release|Any CPU.ActiveCfg = Release|Any CPU
		{99D24155-7810-4A09-A12B-CBC49EE009D6}.Release|Any CPU.Build.0 = Release|Any CPU
		{720CE997-9F8C-489F-9890-7948DA2F5016}.Debug|Any CPU.ActiveCfg = Debug|Any CPU
		{720CE997-9F8C-489F-9890-7948DA2F5016}.Debug|Any CPU.Build.0 = Debug|Any CPU
		{720CE997-9F8C-489F-9890-7948DA2F5016}.Release|Any CPU.ActiveCfg = Release|Any CPU
		{720CE997-9F8C-489F-9890-7948DA2F5016}.Release|Any CPU.Build.0 = Release|Any CPU
	EndGlobalSection
	GlobalSection(SolutionProperties) = preSolution
		HideSolutionNode = FALSE
	EndGlobalSection
	GlobalSection(ExtensibilityGlobals) = postSolution
		SolutionGuid = {469A1F1B-4156-481E-A76E-D5FFF17CF206}
	EndGlobalSection
EndGlobal
